
Microsoft Visual Studio Solution File, Format Version 12.00
# Visual Studio Version 16
VisualStudioVersion = 16.0.29215.179
MinimumVisualStudioVersion = 10.0.40219.1
Project("{9A19103F-16F7-4668-BE54-9A1E7A4F7556}") = "WebApi.IdentityServer", "WebApi.IdentityServer\WebApi.IdentityServer.csproj", "{EDC03304-1DE2-4EA7-BD5B-030B2A505164}"
EndProject
Project("{9A19103F-16F7-4668-BE54-9A1E7A4F7556}") = "WebApi", "WebApi\WebApi.csproj", "{A7F555D7-1AC9-4239-90F9-58481581F98A}"
EndProject
Global
	GlobalSection(SolutionConfigurationPlatforms) = preSolution
		Debug|Any CPU = Debug|Any CPU
		Release|Any CPU = Release|Any CPU
	EndGlobalSection
	GlobalSection(ProjectConfigurationPlatforms) = postSolution
		{EDC03304-1DE2-4EA7-BD5B-030B2A505164}.Debug|Any CPU.ActiveCfg = Debug|Any CPU
		{EDC03304-1DE2-4EA7-BD5B-030B2A505164}.Debug|Any CPU.Build.0 = Debug|Any CPU
		{EDC03304-1DE2-4EA7-BD5B-030B2A505164}.Release|Any CPU.ActiveCfg = Release|Any CPU
		{EDC03304-1DE2-4EA7-BD5B-030B2A505164}.Release|Any CPU.Build.0 = Release|Any CPU
		{A7F555D7-1AC9-4239-90F9-58481581F98A}.Debug|Any CPU.ActiveCfg = Debug|Any CPU
		{A7F555D7-1AC9-4239-90F9-58481581F98A}.Debug|Any CPU.Build.0 = Debug|Any CPU
		{A7F555D7-1AC9-4239-90F9-58481581F98A}.Release|Any CPU.ActiveCfg = Release|Any CPU
		{A7F555D7-1AC9-4239-90F9-58481581F98A}.Release|Any CPU.Build.0 = Release|Any CPU
	EndGlobalSection
	GlobalSection(SolutionProperties) = preSolution
		HideSolutionNode = FALSE
	EndGlobalSection
	GlobalSection(ExtensibilityGlobals) = postSolution
		SolutionGuid = {1EA22E7D-95EA-487F-AF7D-07688F924D27}
	EndGlobalSection
EndGlobal
